# THIS IS AN AUTOGENERATED FILE. DO NOT EDIT THIS FILE DIRECTLY.
# yarn lockfile v1


deep-equal@0.2.1:
  version "0.2.1"
  resolved "https://registry.yarnpkg.com/deep-equal/-/deep-equal-0.2.1.tgz#fad7a793224cbf0c3c7786f92ef780e4fc8cc878"
  integrity sha1-+tenkyJMvww8d4b5LveA5PyMyHg=

exif2@^0.0.1:
  version "0.0.1"
  resolved "https://registry.yarnpkg.com/exif2/-/exif2-0.0.1.tgz#da5161152707c70a75b75d96877a4157cbd1dee5"
  integrity sha1-2lFhFScHxwp1t12Wh3pBV8vR3uU=
  dependencies:
    shelly "0.0.3"

filereader-stream@^0.2.0:
  version "0.2.0"
  resolved "https://registry.yarnpkg.com/filereader-stream/-/filereader-stream-0.2.0.tgz#16374a202715b640b666ecffd07089938e9ff11f"
  integrity sha1-FjdKICcVtkC2Zuz/0HCJk46f8R8=
  dependencies:
    inherits "1.0.0"

inherits@1.0.0:
  version "1.0.0"
  resolved "https://registry.yarnpkg.com/inherits/-/inherits-1.0.0.tgz#38e1975285bf1f7ba9c84da102bb12771322ac48"
  integrity sha1-OOGXUoW/H3upyE2hArsSdxMirEg=

is-stream@^1.1.0:
  version "1.1.0"
  resolved "https://registry.yarnpkg.com/is-stream/-/is-stream-1.1.0.tgz#12d4a3dd4e68e0b79ceb8dbc84173ae80d91ca44"
  integrity sha1-EtSj3U5o4Lec6428hBc66A2RykQ=

musicmetadata@^2.0.5:
  version "2.0.5"
  resolved "https://registry.yarnpkg.com/musicmetadata/-/musicmetadata-2.0.5.tgz#7ae910d99fbaee05f2bd543aef10b6fbe1f37bd4"
  integrity sha1-eukQ2Z+67gXyvVQ67xC2++Hze9Q=
  dependencies:
    deep-equal "0.2.1"
    filereader-stream "^0.2.0"
    is-stream "^1.1.0"
    strtok2 "~1.0.0"
    through "~2.3.4"

shellwords@0.1.0:
  version "0.1.0"
  resolved "https://registry.yarnpkg.com/shellwords/-/shellwords-0.1.0.tgz#66afd47b6a12932d9071cbfd98a52e785cd0ba14"
  integrity sha1-Zq/Ue2oSky2Qccv9mKUueFzQuhQ=

shelly@0.0.3:
  version "0.0.3"
  resolved "https://registry.yarnpkg.com/shelly/-/shelly-0.0.3.tgz#6b1d14a2e2bb0382475a9ce31c91d4f3143dfaa2"
  integrity sha1-ax0UouK7A4JHWpzjHJHU8xQ9+qI=
  dependencies:
    shellwords "0.1.0"

strtok2@~1.0.0:
  version "1.0.4"
  resolved "https://registry.yarnpkg.com/strtok2/-/strtok2-1.0.4.tgz#df9ffb2e70a3336b4660e267ef0547e610275fc1"
  integrity sha1-35/7LnCjM2tGYOJn7wVH5hAnX8E=

through@~2.3.4:
  version "2.3.8"
  resolved "https://registry.yarnpkg.com/through/-/through-2.3.8.tgz#0dd4c9ffaabc357960b1b724115d7e0e86a2e1f5"
  integrity sha1-DdTJ/6q8NXlgsbckEV1+Doai4fU=

uuid@^8.0.0:
  version "8.0.0"
  resolved "https://registry.yarnpkg.com/uuid/-/uuid-8.0.0.tgz#bc6ccf91b5ff0ac07bbcdbf1c7c4e150db4dbb6c"
  integrity sha512-jOXGuXZAWdsTH7eZLtyXMqUb9EcWMGZNbL9YcGBJl4MH4nrxHmZJhEHvyLFrkxo+28uLb/NYRcStH48fnD0Vzw==
